
Microsoft Visual Studio Solution File, Format Version 12.00
# Visual Studio Version 16
VisualStudioVersion = 16.0.32002.261
MinimumVisualStudioVersion = 10.0.40219.1
Project("{FAE04EC0-301F-11D3-BF4B-00C04F79EFBC}") = "my-books", "my-books\my-books.csproj", "{2BBD7FEE-5F6A-423D-B00E-40D7AE9FC176}"
EndProject
Global
	GlobalSection(SolutionConfigurationPlatforms) = preSolution
		Debug|Any CPU = Debug|Any CPU
		Release|Any CPU = Release|Any CPU
	EndGlobalSection
	GlobalSection(ProjectConfigurationPlatforms) = postSolution
		{2BBD7FEE-5F6A-423D-B00E-40D7AE9FC176}.Debug|Any CPU.ActiveCfg = Debug|Any CPU
		{2BBD7FEE-5F6A-423D-B00E-40D7AE9FC176}.Debug|Any CPU.Build.0 = Debug|Any CPU
		{2BBD7FEE-5F6A-423D-B00E-40D7AE9FC176}.Release|Any CPU.ActiveCfg = Release|Any CPU
		{2BBD7FEE-5F6A-423D-B00E-40D7AE9FC176}.Release|Any CPU.Build.0 = Release|Any CPU
	EndGlobalSection
	GlobalSection(SolutionProperties) = preSolution
		HideSolutionNode = FALSE
	EndGlobalSection
	GlobalSection(ExtensibilityGlobals) = postSolution
		SolutionGuid = {77BE206B-8174-4BC3-9E31-60FF3937D7F8}
	EndGlobalSection
EndGlobal
